
Microsoft Visual Studio Solution File, Format Version 12.00
# Visual Studio Version 16
VisualStudioVersion = 16.0.30320.27
MinimumVisualStudioVersion = 10.0.40219.1
Project("{FAE04EC0-301F-11D3-BF4B-00C04F79EFBC}") = "200818", "200818\200818.csproj", "{8443CF63-2F99-4820-9FA7-F314B6E04263}"
EndProject
Global
	GlobalSection(SolutionConfigurationPlatforms) = preSolution
		Debug|Any CPU = Debug|Any CPU
		Release|Any CPU = Release|Any CPU
	EndGlobalSection
	GlobalSection(ProjectConfigurationPlatforms) = postSolution
		{8443CF63-2F99-4820-9FA7-F314B6E04263}.Debug|Any CPU.ActiveCfg = Debug|Any CPU
		{8443CF63-2F99-4820-9FA7-F314B6E04263}.Debug|Any CPU.Build.0 = Debug|Any CPU
		{8443CF63-2F99-4820-9FA7-F314B6E04263}.Release|Any CPU.ActiveCfg = Release|Any CPU
		{8443CF63-2F99-4820-9FA7-F314B6E04263}.Release|Any CPU.Build.0 = Release|Any CPU
	EndGlobalSection
	GlobalSection(SolutionProperties) = preSolution
		HideSolutionNode = FALSE
	EndGlobalSection
	GlobalSection(ExtensibilityGlobals) = postSolution
		SolutionGuid = {8B175618-765D-457C-9546-ECB3E64E9DCC}
	EndGlobalSection
EndGlobal
